// !$*UTF8*$!
{
	archiveVersion = 1;
	classes = {
	};
	objectVersion = 48;
	objects = {

/* Begin PBXBuildFile section */
		ACB0D2001F8FF58100EC6114 /* SecondScreenController.swift in Sources */ = {isa = PBXBuildFile; fileRef = ACB0D1FF1F8FF58100EC6114 /* SecondScreenController.swift */; };
		ACB0D2091F8FFA3B00EC6114 /* ColorTools.swift in Sources */ = {isa = PBXBuildFile; fileRef = ACB0D2081F8FFA3B00EC6114 /* ColorTools.swift */; };
		ACE7F40E1F8D3C55000AE367 /* AppDelegate.swift in Sources */ = {isa = PBXBuildFile; fileRef = ACE7F40D1F8D3C55000AE367 /* AppDelegate.swift */; };
		ACE7F4101F8D3C55000AE367 /* ViewController.swift in Sources */ = {isa = PBXBuildFile; fileRef = ACE7F40F1F8D3C55000AE367 /* ViewController.swift */; };
		ACE7F4131F8D3C55000AE367 /* Main.storyboard in Resources */ = {isa = PBXBuildFile; fileRef = ACE7F4111F8D3C55000AE367 /* Main.storyboard */; };
		ACE7F4151F8D3C55000AE367 /* Assets.xcassets in Resources */ = {isa = PBXBuildFile; fileRef = ACE7F4141F8D3C55000AE367 /* Assets.xcassets */; };
		ACE7F4181F8D3C55000AE367 /* LaunchScreen.storyboard in Resources */ = {isa = PBXBuildFile; fileRef = ACE7F4161F8D3C55000AE367 /* LaunchScreen.storyboard */; };
/* End PBXBuildFile section */

/* Begin PBXFileReference section */
		ACB0D1FF1F8FF58100EC6114 /* SecondScreenController.swift */ = {isa = PBXFileReference; lastKnownFileType = sourcecode.swift; path = SecondScreenController.swift; sourceTree = "<group>"; };
		ACB0D2081F8FFA3B00EC6114 /* ColorTools.swift */ = {isa = PBXFileReference; lastKnownFileType = sourcecode.swift; path = ColorTools.swift; sourceTree = "<group>"; };
		ACE7F40A1F8D3C55000AE367 /* SelfMadeColorChangingApp.app */ = {isa = PBXFileReference; explicitFileType = wrapper.application; includeInIndex = 0; path = SelfMadeColorChangingApp.app; sourceTree = BUILT_PRODUCTS_DIR; };
		ACE7F40D1F8D3C55000AE367 /* AppDelegate.swift */ = {isa = PBXFileReference; lastKnownFileType = sourcecode.swift; path = AppDelegate.swift; sourceTree = "<group>"; };
		ACE7F40F1F8D3C55000AE367 /* ViewController.swift */ = {isa = PBXFileReference; lastKnownFileType = sourcecode.swift; path = ViewController.swift; sourceTree = "<group>"; };
		ACE7F4121F8D3C55000AE367 /* Base */ = {isa = PBXFileReference; lastKnownFileType = file.storyboard; name = Base; path = Base.lproj/Main.storyboard; sourceTree = "<group>"; };
		ACE7F4141F8D3C55000AE367 /* Assets.xcassets */ = {isa = PBXFileReference; lastKnownFileType = folder.assetcatalog; path = Assets.xcassets; sourceTree = "<group>"; };
		ACE7F4171F8D3C55000AE367 /* Base */ = {isa = PBXFileReference; lastKnownFileType = file.storyboard; name = Base; path = Base.lproj/LaunchScreen.storyboard; sourceTree = "<group>"; };
		ACE7F4191F8D3C55000AE367 /* Info.plist */ = {isa = PBXFileReference; lastKnownFileType = text.plist.xml; path = Info.plist; sourceTree = "<group>"; };
/* End PBXFileReference section */

/* Begin PBXFrameworksBuildPhase section */
		ACE7F4071F8D3C55000AE367 /* Frameworks */ = {
			isa = PBXFrameworksBuildPhase;
			buildActionMask = 2147483647;
			files = (
			);
			runOnlyForDeploymentPostprocessing = 0;
		};
/* End PBXFrameworksBuildPhase section */

/* Begin PBXGroup section */
		ACB0D2071F8FFA1700EC6114 /* Model */ = {
			isa = PBXGroup;
			children = (
				ACB0D2081F8FFA3B00EC6114 /* ColorTools.swift */,
			);
			name = Model;
			path = "New Group";
			sourceTree = "<group>";
		};
		ACE7F4011F8D3C55000AE367 = {
			isa = PBXGroup;
			children = (
				ACE7F40C1F8D3C55000AE367 /* SelfMadeColorChangingApp */,
				ACE7F40B1F8D3C55000AE367 /* Products */,
			);
			sourceTree = "<group>";
		};
		ACE7F40B1F8D3C55000AE367 /* Products */ = {
			isa = PBXGroup;
			children = (
				ACE7F40A1F8D3C55000AE367 /* SelfMadeColorChangingApp.app */,
			);
			name = Products;
			sourceTree = "<group>";
		};
		ACE7F40C1F8D3C55000AE367 /* SelfMadeColorChangingApp */ = {
			isa = PBXGroup;
			children = (
				ACB0D2071F8FFA1700EC6114 /* Model */,
				ACE7F41F1F8D3CCB000AE367 /* Controller */,
				ACE7F4211F8D4E75000AE367 /* View */,
				ACE7F4221F8D4EA3000AE367 /* Resources */,
			);
			path = SelfMadeColorChangingApp;
			sourceTree = "<group>";
		};
		ACE7F41F1F8D3CCB000AE367 /* Controller */ = {
			isa = PBXGroup;
			children = (
				ACE7F40D1F8D3C55000AE367 /* AppDelegate.swift */,
				ACE7F40F1F8D3C55000AE367 /* ViewController.swift */,
				ACB0D1FF1F8FF58100EC6114 /* SecondScreenController.swift */,
			);
			path = Controller;
			sourceTree = "<group>";
		};
		ACE7F4211F8D4E75000AE367 /* View */ = {
			isa = PBXGroup;
			children = (
				ACE7F4111F8D3C55000AE367 /* Main.storyboard */,
				ACE7F4161F8D3C55000AE367 /* LaunchScreen.storyboard */,
			);
			path = View;
			sourceTree = "<group>";
		};
		ACE7F4221F8D4EA3000AE367 /* Resources */ = {
			isa = PBXGroup;
			children = (
				ACE7F4191F8D3C55000AE367 /* Info.plist */,
				ACE7F4141F8D3C55000AE367 /* Assets.xcassets */,
			);
			path = Resources;
			sourceTree = "<group>";
		};
/* End PBXGroup section */

/* Begin PBXNativeTarget section */
		ACE7F4091F8D3C55000AE367 /* SelfMadeColorChangingApp */ = {
			isa = PBXNativeTarget;
			buildConfigurationList = ACE7F41C1F8D3C55000AE367 /* Build configuration list for PBXNativeTarget "SelfMadeColorChangingApp" */;
			buildPhases = (
				ACE7F4061F8D3C55000AE367 /* Sources */,
				ACE7F4071F8D3C55000AE367 /* Frameworks */,
				ACE7F4081F8D3C55000AE367 /* Resources */,
			);
			buildRules = (
			);
			dependencies = (
			);
			name = SelfMadeColorChangingApp;
			productName = SelfMadeColorChangingApp;
			productReference = ACE7F40A1F8D3C55000AE367 /* SelfMadeColorChangingApp.app */;
			productType = "com.apple.product-type.application";
		};
/* End PBXNativeTarget section */

/* Begin PBXProject section */
		ACE7F4021F8D3C55000AE367 /* Project object */ = {
			isa = PBXProject;
			attributes = {
				LastSwiftUpdateCheck = 0900;
				LastUpgradeCheck = 0900;
				ORGANIZATIONNAME = CTEC;
				TargetAttributes = {
					ACE7F4091F8D3C55000AE367 = {
						CreatedOnToolsVersion = 9.0;
						ProvisioningStyle = Automatic;
					};
				};
			};
			buildConfigurationList = ACE7F4051F8D3C55000AE367 /* Build configuration list for PBXProject "SelfMadeColorChangingApp" */;
			compatibilityVersion = "Xcode 8.0";
			developmentRegion = en;
			hasScannedForEncodings = 0;
			knownRegions = (
				en,
				Base,
			);
			mainGroup = ACE7F4011F8D3C55000AE367;
			productRefGroup = ACE7F40B1F8D3C55000AE367 /* Products */;
			projectDirPath = "";
			projectRoot = "";
			targets = (
				ACE7F4091F8D3C55000AE367 /* SelfMadeColorChangingApp */,
			);
		};
/* End PBXProject section */

/* Begin PBXResourcesBuildPhase section */
		ACE7F4081F8D3C55000AE367 /* Resources */ = {
			isa = PBXResourcesBuildPhase;
			buildActionMask = 2147483647;
			files = (
				ACE7F4181F8D3C55000AE367 /* LaunchScreen.storyboard in Resources */,
				ACE7F4151F8D3C55000AE367 /* Assets.xcassets in Resources */,
				ACE7F4131F8D3C55000AE367 /* Main.storyboard in Resources */,
			);
			runOnlyForDeploymentPostprocessing = 0;
		};
/* End PBXResourcesBuildPhase section */

/* Begin PBXSourcesBuildPhase section */
		ACE7F4061F8D3C55000AE367 /* Sources */ = {
			isa = PBXSourcesBuildPhase;
			buildActionMask = 2147483647;
			files = (
				ACE7F4101F8D3C55000AE367 /* ViewController.swift in Sources */,
				ACE7F40E1F8D3C55000AE367 /* AppDelegate.swift in Sources */,
				ACB0D2001F8FF58100EC6114 /* SecondScreenController.swift in Sources */,
				ACB0D2091F8FFA3B00EC6114 /* ColorTools.swift in Sources */,
			);
			runOnlyForDeploymentPostprocessing = 0;
		};
/* End PBXSourcesBuildPhase section */

/* Begin PBXVariantGroup section */
		ACE7F4111F8D3C55000AE367 /* Main.storyboard */ = {
			isa = PBXVariantGroup;
			children = (
				ACE7F4121F8D3C55000AE367 /* Base */,
			);
			name = Main.storyboard;
			sourceTree = "<group>";
		};
		ACE7F4161F8D3C55000AE367 /* LaunchScreen.storyboard */ = {
			isa = PBXVariantGroup;
			children = (
				ACE7F4171F8D3C55000AE367 /* Base */,
			);
			name = LaunchScreen.storyboard;
			sourceTree = "<group>";
		};
/* End PBXVariantGroup section */

/* Begin XCBuildConfiguration section */
		ACE7F41A1F8D3C55000AE367 /* Debug */ = {
			isa = XCBuildConfiguration;
			buildSettings = {
				ALWAYS_SEARCH_USER_PATHS = NO;
				CLANG_ANALYZER_NONNULL = YES;
				CLANG_ANALYZER_NUMBER_OBJECT_CONVERSION = YES_AGGRESSIVE;
				CLANG_CXX_LANGUAGE_STANDARD = "gnu++14";
				CLANG_CXX_LIBRARY = "libc++";
				CLANG_ENABLE_MODULES = YES;
				CLANG_ENABLE_OBJC_ARC = YES;
				CLANG_WARN_BLOCK_CAPTURE_AUTORELEASING = YES;
				CLANG_WARN_BOOL_CONVERSION = YES;
				CLANG_WARN_COMMA = YES;
				CLANG_WARN_CONSTANT_CONVERSION = YES;
				CLANG_WARN_DIRECT_OBJC_ISA_USAGE = YES_ERROR;
				CLANG_WARN_DOCUMENTATION_COMMENTS = YES;
				CLANG_WARN_EMPTY_BODY = YES;
				CLANG_WARN_ENUM_CONVERSION = YES;
				CLANG_WARN_INFINITE_RECURSION = YES;
				CLANG_WARN_INT_CONVERSION = YES;
				CLANG_WARN_NON_LITERAL_NULL_CONVERSION = YES;
				CLANG_WARN_OBJC_LITERAL_CONVERSION = YES;
				CLANG_WARN_OBJC_ROOT_CLASS = YES_ERROR;
				CLANG_WARN_RANGE_LOOP_ANALYSIS = YES;
				CLANG_WARN_STRICT_PROTOTYPES = YES;
				CLANG_WARN_SUSPICIOUS_MOVE = YES;
				CLANG_WARN_UNGUARDED_AVAILABILITY = YES_AGGRESSIVE;
				CLANG_WARN_UNREACHABLE_CODE = YES;
				CLANG_WARN__DUPLICATE_METHOD_MATCH = YES;
				CODE_SIGN_IDENTITY = "iPhone Developer";
				COPY_PHASE_STRIP = NO;
				DEBUG_INFORMATION_FORMAT = dwarf;
				ENABLE_STRICT_OBJC_MSGSEND = YES;
				ENABLE_TESTABILITY = YES;
				GCC_C_LANGUAGE_STANDARD = gnu11;
				GCC_DYNAMIC_NO_PIC = NO;
				GCC_NO_COMMON_BLOCKS = YES;
				GCC_OPTIMIZATION_LEVEL = 0;
				GCC_PREPROCESSOR_DEFINITIONS = (
					"DEBUG=1",
					"$(inherited)",
				);
				GCC_WARN_64_TO_32_BIT_CONVERSION = YES;
				GCC_WARN_ABOUT_RETURN_TYPE = YES_ERROR;
				GCC_WARN_UNDECLARED_SELECTOR = YES;
				GCC_WARN_UNINITIALIZED_AUTOS = YES_AGGRESSIVE;
				GCC_WARN_UNUSED_FUNCTION = YES;
				GCC_WARN_UNUSED_VARIABLE = YES;
				IPHONEOS_DEPLOYMENT_TARGET = 11.0;
				MTL_ENABLE_DEBUG_INFO = YES;
				ONLY_ACTIVE_ARCH = YES;
				SDKROOT = iphoneos;
				SWIFT_ACTIVE_COMPILATION_CONDITIONS = DEBUG;
				SWIFT_OPTIMIZATION_LEVEL = "-Onone";
			};
			name = Debug;
		};
		ACE7F41B1F8D3C55000AE367 /* Release */ = {
			isa = XCBuildConfiguration;
			buildSettings = {
				ALWAYS_SEARCH_USER_PATHS = NO;
				CLANG_ANALYZER_NONNULL = YES;
				CLANG_ANALYZER_NUMBER_OBJECT_CONVERSION = YES_AGGRESSIVE;
				CLANG_CXX_LANGUAGE_STANDARD = "gnu++14";
				CLANG_CXX_LIBRARY = "libc++";
				CLANG_ENABLE_MODULES = YES;
				CLANG_ENABLE_OBJC_ARC = YES;
				CLANG_WARN_BLOCK_CAPTURE_AUTORELEASING = YES;
				CLANG_WARN_BOOL_CONVERSION = YES;
				CLANG_WARN_COMMA = YES;
				CLANG_WARN_CONSTANT_CONVERSION = YES;
				CLANG_WARN_DIRECT_OBJC_ISA_USAGE = YES_ERROR;
				CLANG_WARN_DOCUMENTATION_COMMENTS = YES;
				CLANG_WARN_EMPTY_BODY = YES;
				CLANG_WARN_ENUM_CONVERSION = YES;
				CLANG_WARN_INFINITE_RECURSION = YES;
				CLANG_WARN_INT_CONVERSION = YES;
				CLANG_WARN_NON_LITERAL_NULL_CONVERSION = YES;
				CLANG_WARN_OBJC_LITERAL_CONVERSION = YES;
				CLANG_WARN_OBJC_ROOT_CLASS = YES_ERROR;
				CLANG_WARN_RANGE_LOOP_ANALYSIS = YES;
				CLANG_WARN_STRICT_PROTOTYPES = YES;
				CLANG_WARN_SUSPICIOUS_MOVE = YES;
				CLANG_WARN_UNGUARDED_AVAILABILITY = YES_AGGRESSIVE;
				CLANG_WARN_UNREACHABLE_CODE = YES;
				CLANG_WARN__DUPLICATE_METHOD_MATCH = YES;
				CODE_SIGN_IDENTITY = "iPhone Developer";
				COPY_PHASE_STRIP = NO;
				DEBUG_INFORMATION_FORMAT = "dwarf-with-dsym";
				ENABLE_NS_ASSERTIONS = NO;
				ENABLE_STRICT_OBJC_MSGSEND = YES;
				GCC_C_LANGUAGE_STANDARD = gnu11;
				GCC_NO_COMMON_BLOCKS = YES;
				GCC_WARN_64_TO_32_BIT_CONVERSION = YES;
				GCC_WARN_ABOUT_RETURN_TYPE = YES_ERROR;
				GCC_WARN_UNDECLARED_SELECTOR = YES;
				GCC_WARN_UNINITIALIZED_AUTOS = YES_AGGRESSIVE;
				GCC_WARN_UNUSED_FUNCTION = YES;
				GCC_WARN_UNUSED_VARIABLE = YES;
				IPHONEOS_DEPLOYMENT_TARGET = 11.0;
				MTL_ENABLE_DEBUG_INFO = NO;
				SDKROOT = iphoneos;
				SWIFT_OPTIMIZATION_LEVEL = "-Owholemodule";
				VALIDATE_PRODUCT = YES;
			};
			name = Release;
		};
		ACE7F41D1F8D3C55000AE367 /* Debug */ = {
			isa = XCBuildConfiguration;
			buildSettings = {
				ASSETCATALOG_COMPILER_APPICON_NAME = AppIcon;
				CODE_SIGN_STYLE = Automatic;
				INFOPLIST_FILE = "$(SRCROOT)/SelfMadeColorChangingApp/Resources/Info.plist";
				LD_RUNPATH_SEARCH_PATHS = "$(inherited) @executable_path/Frameworks";
				PRODUCT_BUNDLE_IDENTIFIER = CTEC.SelfMadeColorChangingApp;
				PRODUCT_NAME = "$(TARGET_NAME)";
				SWIFT_VERSION = 4.0;
				TARGETED_DEVICE_FAMILY = "1,2";
			};
			name = Debug;
		};
		ACE7F41E1F8D3C55000AE367 /* Release */ = {
			isa = XCBuildConfiguration;
			buildSettings = {
				ASSETCATALOG_COMPILER_APPICON_NAME = AppIcon;
				CODE_SIGN_STYLE = Automatic;
				INFOPLIST_FILE = "$(SRCROOT)/SelfMadeColorChangingApp/Resources/Info.plist";
				LD_RUNPATH_SEARCH_PATHS = "$(inherited) @executable_path/Frameworks";
				PRODUCT_BUNDLE_IDENTIFIER = CTEC.SelfMadeColorChangingApp;
				PRODUCT_NAME = "$(TARGET_NAME)";
				SWIFT_VERSION = 4.0;
				TARGETED_DEVICE_FAMILY = "1,2";
			};
			name = Release;
		};
/* End XCBuildConfiguration section */

/* Begin XCConfigurationList section */
		ACE7F4051F8D3C55000AE367 /* Build configuration list for PBXProject "SelfMadeColorChangingApp" */ = {
			isa = XCConfigurationList;
			buildConfigurations = (
				ACE7F41A1F8D3C55000AE367 /* Debug */,
				ACE7F41B1F8D3C55000AE367 /* Release */,
			);
			defaultConfigurationIsVisible = 0;
			defaultConfigurationName = Release;
		};
		ACE7F41C1F8D3C55000AE367 /* Build configuration list for PBXNativeTarget "SelfMadeColorChangingApp" */ = {
			isa = XCConfigurationList;
			buildConfigurations = (
				ACE7F41D1F8D3C55000AE367 /* Debug */,
				ACE7F41E1F8D3C55000AE367 /* Release */,
			);
			defaultConfigurationIsVisible = 0;
			defaultConfigurationName = Release;
		};
/* End XCConfigurationList section */
	};
	rootObject = ACE7F4021F8D3C55000AE367 /* Project object */;
}
